
Microsoft Visual Studio Solution File, Format Version 12.00
# Visual Studio 15
VisualStudioVersion = 15.0.28307.421
MinimumVisualStudioVersion = 10.0.40219.1
Project("{FAE04EC0-301F-11D3-BF4B-00C04F79EFBC}") = "AlbionTradeHelper", "AlbionTradeHelper\AlbionTradeHelper.csproj", "{2FACC44E-23DF-4C07-8F49-972D05774896}"
EndProject
Global
	GlobalSection(SolutionConfigurationPlatforms) = preSolution
		Debug|Any CPU = Debug|Any CPU
		Release|Any CPU = Release|Any CPU
	EndGlobalSection
	GlobalSection(ProjectConfigurationPlatforms) = postSolution
		{2FACC44E-23DF-4C07-8F49-972D05774896}.Debug|Any CPU.ActiveCfg = Debug|Any CPU
		{2FACC44E-23DF-4C07-8F49-972D05774896}.Debug|Any CPU.Build.0 = Debug|Any CPU
		{2FACC44E-23DF-4C07-8F49-972D05774896}.Release|Any CPU.ActiveCfg = Release|Any CPU
		{2FACC44E-23DF-4C07-8F49-972D05774896}.Release|Any CPU.Build.0 = Release|Any CPU
	EndGlobalSection
	GlobalSection(SolutionProperties) = preSolution
		HideSolutionNode = FALSE
	EndGlobalSection
	GlobalSection(ExtensibilityGlobals) = postSolution
		SolutionGuid = {6041E9FD-9A6A-4090-910B-229E1F047AE6}
	EndGlobalSection
EndGlobal
